# @generated - this file is auto-generated by `mise lock` https://mise.en.dev/dev-tools/mise-lock.html

[[tools.bun]]
version = "1.3.14"
backend = "core:bun"

[tools.bun."platforms.linux-arm64"]
checksum = "sha256:a27ffb63a8310375836e0d6f668ae17fa8d8d18b88c37c821c65331973a19a3b"
url = "https://github.com/oven-sh/bun/releases/download/bun-v1.3.14/bun-linux-aarch64.zip"

[tools.bun."platforms.linux-arm64-musl"]
checksum = "sha256:b98e0ad3625c5c00d1d5b5ff55605c7adddbfae151861e68ade57b2d3b8703bb"
url = "https://github.com/oven-sh/bun/releases/download/bun-v1.3.14/bun-linux-aarch64-musl.zip"

[tools.bun."platforms.linux-x64"]
checksum = "sha256:951ee2aee855f08595aeec6225226a298d3fea83a3dcd6465c09cbccdf7e848f"
url = "https://github.com/oven-sh/bun/releases/download/bun-v1.3.14/bun-linux-x64.zip"

[tools.bun."platforms.linux-x64-baseline"]
checksum = "sha256:a063908ae08b7852ca10939bbdc6ceed3ddabce8fb9402dce83d65d73b36e6c7"
url = "https://github.com/oven-sh/bun/releases/download/bun-v1.3.14/bun-linux-x64-baseline.zip"

[tools.bun."platforms.linux-x64-musl"]
checksum = "sha256:14bd9aedeebf1dba67e8def9531c89bc989ecfdf1de42e5bfcaf1b8cd9294719"
url = "https://github.com/oven-sh/bun/releases/download/bun-v1.3.14/bun-linux-x64-musl.zip"

[tools.bun."platforms.linux-x64-musl-baseline"]
checksum = "sha256:56a7d6806cf155536c0178f0ea5fbd098e684fa509ebdb4fc0a7e19fb65382dc"
url = "https://github.com/oven-sh/bun/releases/download/bun-v1.3.14/bun-linux-x64-musl-baseline.zip"

[tools.bun."platforms.macos-arm64"]
checksum = "sha256:d8b96221828ad6f97ac7ac0ab7e95872341af763001e8803e8267652c2652620"
url = "https://github.com/oven-sh/bun/releases/download/bun-v1.3.14/bun-darwin-aarch64.zip"

[tools.bun."platforms.macos-x64"]
checksum = "sha256:4183df3374623e5bab315c547cfa0974533cd457d86b73b639f7a87974cd6633"
url = "https://github.com/oven-sh/bun/releases/download/bun-v1.3.14/bun-darwin-x64.zip"

[tools.bun."platforms.macos-x64-baseline"]
checksum = "sha256:3e35ad6f53971a9834bf9e6786e2adf72b5f1921cc9a9c5fde073d2972944076"
url = "https://github.com/oven-sh/bun/releases/download/bun-v1.3.14/bun-darwin-x64-baseline.zip"

[tools.bun."platforms.windows-x64"]
checksum = "sha256:0a0620930b6675d7ba440e81f4e0e00d3cfbe096c4b140d3fff02205e9e18922"
url = "https://github.com/oven-sh/bun/releases/download/bun-v1.3.14/bun-windows-x64.zip"

[tools.bun."platforms.windows-x64-baseline"]
checksum = "sha256:538f9c846355d9e847b2671bc00c47da4229a0befb24df3282b739770f3b475f"
url = "https://github.com/oven-sh/bun/releases/download/bun-v1.3.14/bun-windows-x64-baseline.zip"

[[tools.cargo-binstall]]
version = "1.21.0"
backend = "aqua:cargo-bins/cargo-binstall"

[tools.cargo-binstall."platforms.linux-arm64"]
checksum = "sha256:31f0564854bd031f20c9abfe33312ea630e6a06a2f6d6309b54b5649608f55be"
url = "https://github.com/cargo-bins/cargo-binstall/releases/download/v1.21.0/cargo-binstall-aarch64-unknown-linux-musl.tgz"
url_api = "https://api.github.com/repos/cargo-bins/cargo-binstall/releases/assets/476613087"
provenance = "github-attestations"

[tools.cargo-binstall."platforms.linux-arm64-musl"]
checksum = "sha256:31f0564854bd031f20c9abfe33312ea630e6a06a2f6d6309b54b5649608f55be"
url = "https://github.com/cargo-bins/cargo-binstall/releases/download/v1.21.0/cargo-binstall-aarch64-unknown-linux-musl.tgz"
url_api = "https://api.github.com/repos/cargo-bins/cargo-binstall/releases/assets/476613087"
provenance = "github-attestations"

[tools.cargo-binstall."platforms.linux-x64"]
checksum = "sha256:b1880b3631d1ff0fd1f286a0d20f82f373355651f9fbd7f4d0d7fbfe218bf562"
url = "https://github.com/cargo-bins/cargo-binstall/releases/download/v1.21.0/cargo-binstall-x86_64-unknown-linux-musl.tgz"
url_api = "https://api.github.com/repos/cargo-bins/cargo-binstall/releases/assets/476612736"
provenance = "github-attestations"

[tools.cargo-binstall."platforms.linux-x64-baseline"]
checksum = "sha256:b1880b3631d1ff0fd1f286a0d20f82f373355651f9fbd7f4d0d7fbfe218bf562"
url = "https://github.com/cargo-bins/cargo-binstall/releases/download/v1.21.0/cargo-binstall-x86_64-unknown-linux-musl.tgz"
url_api = "https://api.github.com/repos/cargo-bins/cargo-binstall/releases/assets/476612736"
provenance = "github-attestations"

[tools.cargo-binstall."platforms.linux-x64-musl"]
checksum = "sha256:b1880b3631d1ff0fd1f286a0d20f82f373355651f9fbd7f4d0d7fbfe218bf562"
url = "https://github.com/cargo-bins/cargo-binstall/releases/download/v1.21.0/cargo-binstall-x86_64-unknown-linux-musl.tgz"
url_api = "https://api.github.com/repos/cargo-bins/cargo-binstall/releases/assets/476612736"
provenance = "github-attestations"

[tools.cargo-binstall."platforms.linux-x64-musl-baseline"]
checksum = "sha256:b1880b3631d1ff0fd1f286a0d20f82f373355651f9fbd7f4d0d7fbfe218bf562"
url = "https://github.com/cargo-bins/cargo-binstall/releases/download/v1.21.0/cargo-binstall-x86_64-unknown-linux-musl.tgz"
url_api = "https://api.github.com/repos/cargo-bins/cargo-binstall/releases/assets/476612736"
provenance = "github-attestations"

[tools.cargo-binstall."platforms.macos-arm64"]
checksum = "sha256:e44737132b2d0543e72a6f128307ebbf204b171f57b2ea9db55b8bbe54b6b632"
url = "https://github.com/cargo-bins/cargo-binstall/releases/download/v1.21.0/cargo-binstall-aarch64-apple-darwin.zip"
url_api = "https://api.github.com/repos/cargo-bins/cargo-binstall/releases/assets/476613286"
provenance = "github-attestations"

[tools.cargo-binstall."platforms.macos-x64"]
checksum = "sha256:ad7cd72d8074ef613ab392cae291c7c8bcc25a4f6690e726ed665ded8640871e"
url = "https://github.com/cargo-bins/cargo-binstall/releases/download/v1.21.0/cargo-binstall-x86_64-apple-darwin.zip"
url_api = "https://api.github.com/repos/cargo-bins/cargo-binstall/releases/assets/476612855"
provenance = "github-attestations"

[tools.cargo-binstall."platforms.macos-x64-baseline"]
checksum = "sha256:ad7cd72d8074ef613ab392cae291c7c8bcc25a4f6690e726ed665ded8640871e"
url = "https://github.com/cargo-bins/cargo-binstall/releases/download/v1.21.0/cargo-binstall-x86_64-apple-darwin.zip"
url_api = "https://api.github.com/repos/cargo-bins/cargo-binstall/releases/assets/476612855"
provenance = "github-attestations"

[tools.cargo-binstall."platforms.windows-x64"]
checksum = "sha256:f87cc2ca3a103664dab3eac521aa4e49ae72fa0b1e70fba837cd12932001629b"
url = "https://github.com/cargo-bins/cargo-binstall/releases/download/v1.21.0/cargo-binstall-x86_64-pc-windows-msvc.zip"
url_api = "https://api.github.com/repos/cargo-bins/cargo-binstall/releases/assets/476612813"
provenance = "github-attestations"

[tools.cargo-binstall."platforms.windows-x64-baseline"]
checksum = "sha256:f87cc2ca3a103664dab3eac521aa4e49ae72fa0b1e70fba837cd12932001629b"
url = "https://github.com/cargo-bins/cargo-binstall/releases/download/v1.21.0/cargo-binstall-x86_64-pc-windows-msvc.zip"
url_api = "https://api.github.com/repos/cargo-bins/cargo-binstall/releases/assets/476612813"
provenance = "github-attestations"

[[tools."github:jimeh/treeboot"]]
version = "0.12.0"
backend = "github:jimeh/treeboot"

[tools."github:jimeh/treeboot"."platforms.linux-arm64"]
checksum = "sha256:3fdb33d78dcbb41683281ee8193e69d1e5d9fbe3e5d9b5c8eb82277e5ede1b05"
url = "https://github.com/jimeh/treeboot/releases/download/v0.12.0/treeboot-aarch64-unknown-linux-musl.tar.gz"
url_api = "https://api.github.com/repos/jimeh/treeboot/releases/assets/487576976"
provenance = "github-attestations"

[tools."github:jimeh/treeboot"."platforms.linux-arm64-musl"]
checksum = "sha256:3fdb33d78dcbb41683281ee8193e69d1e5d9fbe3e5d9b5c8eb82277e5ede1b05"
url = "https://github.com/jimeh/treeboot/releases/download/v0.12.0/treeboot-aarch64-unknown-linux-musl.tar.gz"
url_api = "https://api.github.com/repos/jimeh/treeboot/releases/assets/487576976"
provenance = "github-attestations"

[tools."github:jimeh/treeboot"."platforms.linux-x64"]
checksum = "sha256:075edf77e3d64c6f02ac67ccce399f582342dc0e9ee9fa91e65c54b228c52774"
url = "https://github.com/jimeh/treeboot/releases/download/v0.12.0/treeboot-x86_64-unknown-linux-musl.tar.gz"
url_api = "https://api.github.com/repos/jimeh/treeboot/releases/assets/487576998"
provenance = "github-attestations"

[tools."github:jimeh/treeboot"."platforms.linux-x64-baseline"]
checksum = "sha256:075edf77e3d64c6f02ac67ccce399f582342dc0e9ee9fa91e65c54b228c52774"
url = "https://github.com/jimeh/treeboot/releases/download/v0.12.0/treeboot-x86_64-unknown-linux-musl.tar.gz"
url_api = "https://api.github.com/repos/jimeh/treeboot/releases/assets/487576998"
provenance = "github-attestations"

[tools."github:jimeh/treeboot"."platforms.linux-x64-musl"]
checksum = "sha256:075edf77e3d64c6f02ac67ccce399f582342dc0e9ee9fa91e65c54b228c52774"
url = "https://github.com/jimeh/treeboot/releases/download/v0.12.0/treeboot-x86_64-unknown-linux-musl.tar.gz"
url_api = "https://api.github.com/repos/jimeh/treeboot/releases/assets/487576998"
provenance = "github-attestations"

[tools."github:jimeh/treeboot"."platforms.linux-x64-musl-baseline"]
checksum = "sha256:075edf77e3d64c6f02ac67ccce399f582342dc0e9ee9fa91e65c54b228c52774"
url = "https://github.com/jimeh/treeboot/releases/download/v0.12.0/treeboot-x86_64-unknown-linux-musl.tar.gz"
url_api = "https://api.github.com/repos/jimeh/treeboot/releases/assets/487576998"
provenance = "github-attestations"

[tools."github:jimeh/treeboot"."platforms.macos-arm64"]
checksum = "sha256:aacc0efb947365738dfd3c61ae140c964cdf80c3baf3786f9e6d79fcad1d191e"
url = "https://github.com/jimeh/treeboot/releases/download/v0.12.0/treeboot-aarch64-apple-darwin.tar.gz"
url_api = "https://api.github.com/repos/jimeh/treeboot/releases/assets/487576962"
provenance = "github-attestations"

[tools."github:jimeh/treeboot"."platforms.macos-x64"]
checksum = "sha256:53e3f59c95db97b8c62f457fcd1610fc934e10c03e82626ef4929fdfb2d719e1"
url = "https://github.com/jimeh/treeboot/releases/download/v0.12.0/treeboot-x86_64-apple-darwin.tar.gz"
url_api = "https://api.github.com/repos/jimeh/treeboot/releases/assets/487576989"
provenance = "github-attestations"

[tools."github:jimeh/treeboot"."platforms.macos-x64-baseline"]
checksum = "sha256:53e3f59c95db97b8c62f457fcd1610fc934e10c03e82626ef4929fdfb2d719e1"
url = "https://github.com/jimeh/treeboot/releases/download/v0.12.0/treeboot-x86_64-apple-darwin.tar.gz"
url_api = "https://api.github.com/repos/jimeh/treeboot/releases/assets/487576989"
provenance = "github-attestations"

[tools."github:jimeh/treeboot"."platforms.windows-x64"]
checksum = "sha256:a69a577a8b9b14e5ed718d0c8f0b07b62e073f8e68a26c62d24c71dceca20cb9"
url = "https://github.com/jimeh/treeboot/releases/download/v0.12.0/treeboot-x86_64-pc-windows-msvc.zip"
url_api = "https://api.github.com/repos/jimeh/treeboot/releases/assets/487576995"
provenance = "github-attestations"

[tools."github:jimeh/treeboot"."platforms.windows-x64-baseline"]
checksum = "sha256:a69a577a8b9b14e5ed718d0c8f0b07b62e073f8e68a26c62d24c71dceca20cb9"
url = "https://github.com/jimeh/treeboot/releases/download/v0.12.0/treeboot-x86_64-pc-windows-msvc.zip"
url_api = "https://api.github.com/repos/jimeh/treeboot/releases/assets/487576995"
provenance = "github-attestations"

[[tools."github:mitsuhiko/systemfd"]]
version = "0.4.6"
backend = "github:mitsuhiko/systemfd"

[tools."github:mitsuhiko/systemfd"."platforms.linux-arm64"]
checksum = "sha256:98652e7cb73aafebafe6e2eb35c08c3e51f5b50dd71e4e8facec33d32b49994a"
url = "https://github.com/mitsuhiko/systemfd/releases/download/0.4.6/source.tar.gz"
url_api = "https://api.github.com/repos/mitsuhiko/systemfd/releases/assets/221600944"

[tools."github:mitsuhiko/systemfd"."platforms.linux-arm64-musl"]
checksum = "sha256:98652e7cb73aafebafe6e2eb35c08c3e51f5b50dd71e4e8facec33d32b49994a"
url = "https://github.com/mitsuhiko/systemfd/releases/download/0.4.6/source.tar.gz"
url_api = "https://api.github.com/repos/mitsuhiko/systemfd/releases/assets/221600944"

[tools."github:mitsuhiko/systemfd"."platforms.linux-x64"]
checksum = "sha256:4bf7763505d755db4055b8e97d405205dc7b1cf3c7e4635952d9a08515c7c9d1"
url = "https://github.com/mitsuhiko/systemfd/releases/download/0.4.6/systemfd-x86_64-unknown-linux-gnu.tar.xz"
url_api = "https://api.github.com/repos/mitsuhiko/systemfd/releases/assets/221600954"

[tools."github:mitsuhiko/systemfd"."platforms.linux-x64-baseline"]
checksum = "sha256:4bf7763505d755db4055b8e97d405205dc7b1cf3c7e4635952d9a08515c7c9d1"
url = "https://github.com/mitsuhiko/systemfd/releases/download/0.4.6/systemfd-x86_64-unknown-linux-gnu.tar.xz"
url_api = "https://api.github.com/repos/mitsuhiko/systemfd/releases/assets/221600954"

[tools."github:mitsuhiko/systemfd"."platforms.linux-x64-musl"]
checksum = "sha256:32a4c1a48580c93affaef23c31ed6ea6afe2afdd2d996af2ef042f1df6ee1953"
url = "https://github.com/mitsuhiko/systemfd/releases/download/0.4.6/systemfd-x86_64-unknown-linux-musl.tar.xz"
url_api = "https://api.github.com/repos/mitsuhiko/systemfd/releases/assets/221600956"

[tools."github:mitsuhiko/systemfd"."platforms.linux-x64-musl-baseline"]
checksum = "sha256:32a4c1a48580c93affaef23c31ed6ea6afe2afdd2d996af2ef042f1df6ee1953"
url = "https://github.com/mitsuhiko/systemfd/releases/download/0.4.6/systemfd-x86_64-unknown-linux-musl.tar.xz"
url_api = "https://api.github.com/repos/mitsuhiko/systemfd/releases/assets/221600956"

[tools."github:mitsuhiko/systemfd"."platforms.macos-arm64"]
checksum = "sha256:ca1ddc2d7fb13bf4b3ba202ac44538098e96ca5bf175456dbba93f73843003ca"
url = "https://github.com/mitsuhiko/systemfd/releases/download/0.4.6/systemfd-aarch64-apple-darwin.tar.xz"
url_api = "https://api.github.com/repos/mitsuhiko/systemfd/releases/assets/221600941"

[tools."github:mitsuhiko/systemfd"."platforms.macos-x64"]
checksum = "sha256:2a7d6775c8a87124eaa66c772c441212f60f2fb983b5e8995613223740f5e814"
url = "https://github.com/mitsuhiko/systemfd/releases/download/0.4.6/systemfd-x86_64-apple-darwin.tar.xz"
url_api = "https://api.github.com/repos/mitsuhiko/systemfd/releases/assets/221600949"

[tools."github:mitsuhiko/systemfd"."platforms.macos-x64-baseline"]
checksum = "sha256:2a7d6775c8a87124eaa66c772c441212f60f2fb983b5e8995613223740f5e814"
url = "https://github.com/mitsuhiko/systemfd/releases/download/0.4.6/systemfd-x86_64-apple-darwin.tar.xz"
url_api = "https://api.github.com/repos/mitsuhiko/systemfd/releases/assets/221600949"

[tools."github:mitsuhiko/systemfd"."platforms.windows-x64"]
checksum = "sha256:3098ddc24d146f71d75b1c8042e78524d19eb6aacd44baf2e68ab95afbd6764d"
url = "https://github.com/mitsuhiko/systemfd/releases/download/0.4.6/systemfd-x86_64-pc-windows-msvc.zip"
url_api = "https://api.github.com/repos/mitsuhiko/systemfd/releases/assets/221600951"

[tools."github:mitsuhiko/systemfd"."platforms.windows-x64-baseline"]
checksum = "sha256:3098ddc24d146f71d75b1c8042e78524d19eb6aacd44baf2e68ab95afbd6764d"
url = "https://github.com/mitsuhiko/systemfd/releases/download/0.4.6/systemfd-x86_64-pc-windows-msvc.zip"
url_api = "https://api.github.com/repos/mitsuhiko/systemfd/releases/assets/221600951"

[[tools.lefthook]]
version = "2.1.10"
backend = "aqua:evilmartians/lefthook"

[tools.lefthook."platforms.linux-arm64"]
checksum = "sha256:6380a6ad6dd484466fd69bd83f24491d6ec27dc0b84e837be025620f7c4e11e3"
url = "https://github.com/evilmartians/lefthook/releases/download/v2.1.10/lefthook_2.1.10_Linux_aarch64.gz"
url_api = "https://api.github.com/repos/evilmartians/lefthook/releases/assets/470227512"
provenance = "github-attestations"

[tools.lefthook."platforms.linux-arm64-musl"]
checksum = "sha256:6380a6ad6dd484466fd69bd83f24491d6ec27dc0b84e837be025620f7c4e11e3"
url = "https://github.com/evilmartians/lefthook/releases/download/v2.1.10/lefthook_2.1.10_Linux_aarch64.gz"
url_api = "https://api.github.com/repos/evilmartians/lefthook/releases/assets/470227512"
provenance = "github-attestations"

[tools.lefthook."platforms.linux-x64"]
checksum = "sha256:0b14162a0bb2f0c64ae0759f6102f6e19c4d00981666a8ac73d4f5a6878ada4f"
url = "https://github.com/evilmartians/lefthook/releases/download/v2.1.10/lefthook_2.1.10_Linux_x86_64.gz"
url_api = "https://api.github.com/repos/evilmartians/lefthook/releases/assets/470227493"
provenance = "github-attestations"

[tools.lefthook."platforms.linux-x64-baseline"]
checksum = "sha256:0b14162a0bb2f0c64ae0759f6102f6e19c4d00981666a8ac73d4f5a6878ada4f"
url = "https://github.com/evilmartians/lefthook/releases/download/v2.1.10/lefthook_2.1.10_Linux_x86_64.gz"
url_api = "https://api.github.com/repos/evilmartians/lefthook/releases/assets/470227493"
provenance = "github-attestations"

[tools.lefthook."platforms.linux-x64-musl"]
checksum = "sha256:0b14162a0bb2f0c64ae0759f6102f6e19c4d00981666a8ac73d4f5a6878ada4f"
url = "https://github.com/evilmartians/lefthook/releases/download/v2.1.10/lefthook_2.1.10_Linux_x86_64.gz"
url_api = "https://api.github.com/repos/evilmartians/lefthook/releases/assets/470227493"
provenance = "github-attestations"

[tools.lefthook."platforms.linux-x64-musl-baseline"]
checksum = "sha256:0b14162a0bb2f0c64ae0759f6102f6e19c4d00981666a8ac73d4f5a6878ada4f"
url = "https://github.com/evilmartians/lefthook/releases/download/v2.1.10/lefthook_2.1.10_Linux_x86_64.gz"
url_api = "https://api.github.com/repos/evilmartians/lefthook/releases/assets/470227493"
provenance = "github-attestations"

[tools.lefthook."platforms.macos-arm64"]
checksum = "sha256:1dd4dc7b4c50efb1f9d9122cd6535c793738d6e59751c228d49f768ec9dbb604"
url = "https://github.com/evilmartians/lefthook/releases/download/v2.1.10/lefthook_2.1.10_MacOS_arm64.gz"
url_api = "https://api.github.com/repos/evilmartians/lefthook/releases/assets/470227499"
provenance = "github-attestations"

[tools.lefthook."platforms.macos-x64"]
checksum = "sha256:49d905f28ca46442cb236060058b252da650b5f7b864bd275b61aa46945e8c4a"
url = "https://github.com/evilmartians/lefthook/releases/download/v2.1.10/lefthook_2.1.10_MacOS_x86_64.gz"
url_api = "https://api.github.com/repos/evilmartians/lefthook/releases/assets/470227495"
provenance = "github-attestations"

[tools.lefthook."platforms.macos-x64-baseline"]
checksum = "sha256:49d905f28ca46442cb236060058b252da650b5f7b864bd275b61aa46945e8c4a"
url = "https://github.com/evilmartians/lefthook/releases/download/v2.1.10/lefthook_2.1.10_MacOS_x86_64.gz"
url_api = "https://api.github.com/repos/evilmartians/lefthook/releases/assets/470227495"
provenance = "github-attestations"

[tools.lefthook."platforms.windows-x64"]
checksum = "sha256:beabbce824641ae71229ed11dd8634f47148921cb649d25c90441b737481494a"
url = "https://github.com/evilmartians/lefthook/releases/download/v2.1.10/lefthook_2.1.10_Windows_x86_64.gz"
url_api = "https://api.github.com/repos/evilmartians/lefthook/releases/assets/470227505"
provenance = "github-attestations"

[tools.lefthook."platforms.windows-x64-baseline"]
checksum = "sha256:beabbce824641ae71229ed11dd8634f47148921cb649d25c90441b737481494a"
url = "https://github.com/evilmartians/lefthook/releases/download/v2.1.10/lefthook_2.1.10_Windows_x86_64.gz"
url_api = "https://api.github.com/repos/evilmartians/lefthook/releases/assets/470227505"
provenance = "github-attestations"

[[tools.node]]
version = "24.15.0"
backend = "core:node"

[tools.node."platforms.linux-arm64"]
checksum = "sha256:73afc234d558c24919875f51c2d1ea002a2ada4ea6f83601a383869fefa64eed"
url = "https://nodejs.org/dist/v24.15.0/node-v24.15.0-linux-arm64.tar.gz"

[tools.node."platforms.linux-arm64-musl"]
checksum = "sha256:31e98aa960a067da91edffd5d93bc46657b5d2a8029612c359f5f2ac0060152a"
url = "https://unofficial-builds.nodejs.org/download/release/v24.15.0/node-v24.15.0-linux-arm64-musl.tar.gz"

[tools.node."platforms.linux-x64"]
checksum = "sha256:44836872d9aec49f1e6b52a9a922872db9a2b02d235a616a5681b6a85fec8d89"
url = "https://nodejs.org/dist/v24.15.0/node-v24.15.0-linux-x64.tar.gz"

[tools.node."platforms.linux-x64-baseline"]
checksum = "sha256:44836872d9aec49f1e6b52a9a922872db9a2b02d235a616a5681b6a85fec8d89"
url = "https://nodejs.org/dist/v24.15.0/node-v24.15.0-linux-x64.tar.gz"

[tools.node."platforms.linux-x64-musl"]
checksum = "sha256:f55af5bd489c5347b113ca6594cae00a54b30ba57ac5875324311bfc6f4762e3"
url = "https://unofficial-builds.nodejs.org/download/release/v24.15.0/node-v24.15.0-linux-x64-musl.tar.gz"

[tools.node."platforms.linux-x64-musl-baseline"]
checksum = "sha256:f55af5bd489c5347b113ca6594cae00a54b30ba57ac5875324311bfc6f4762e3"
url = "https://unofficial-builds.nodejs.org/download/release/v24.15.0/node-v24.15.0-linux-x64-musl.tar.gz"

[tools.node."platforms.macos-arm64"]
checksum = "sha256:372331b969779ab5d15b949884fc6eaf88d5afe87bde8ba881d6400b9100ffc4"
url = "https://nodejs.org/dist/v24.15.0/node-v24.15.0-darwin-arm64.tar.gz"

[tools.node."platforms.macos-x64"]
checksum = "sha256:ffd5ee293467927f3ee731a553eb88fd1f48cf74eebc2d74a6babe4af228673b"
url = "https://nodejs.org/dist/v24.15.0/node-v24.15.0-darwin-x64.tar.gz"

[tools.node."platforms.macos-x64-baseline"]
checksum = "sha256:ffd5ee293467927f3ee731a553eb88fd1f48cf74eebc2d74a6babe4af228673b"
url = "https://nodejs.org/dist/v24.15.0/node-v24.15.0-darwin-x64.tar.gz"

[tools.node."platforms.windows-x64"]
checksum = "sha256:cc5149eabd53779ce1e7bdc5401643622d0c7e6800ade18928a767e940bb0e62"
url = "https://nodejs.org/dist/v24.15.0/node-v24.15.0-win-x64.zip"

[tools.node."platforms.windows-x64-baseline"]
checksum = "sha256:cc5149eabd53779ce1e7bdc5401643622d0c7e6800ade18928a767e940bb0e62"
url = "https://nodejs.org/dist/v24.15.0/node-v24.15.0-win-x64.zip"

[[tools."npm:gitnexus"]]
version = "1.6.9"
backend = "npm:gitnexus"

[tools."npm:gitnexus".options]
bun_args = "--trust"

[[tools."npm:react-doctor"]]
version = "0.9.1"
backend = "npm:react-doctor"

[[tools.portless]]
version = "0.15.4"
backend = "npm:portless"

[[tools.rust]]
version = "1.97.1"
backend = "core:rust"

[[tools.sccache]]
version = "0.16.0"
backend = "aqua:mozilla/sccache"

[tools.sccache."platforms.linux-arm64"]
checksum = "sha256:f73a5c39f96bb6ebb89cc7915cf182260d4cbf30765322c5e793d0fe8bd80784"
url = "https://github.com/mozilla/sccache/releases/download/v0.16.0/sccache-v0.16.0-aarch64-unknown-linux-musl.tar.gz"
url_api = "https://api.github.com/repos/mozilla/sccache/releases/assets/452060468"

[tools.sccache."platforms.linux-arm64-musl"]
checksum = "sha256:f73a5c39f96bb6ebb89cc7915cf182260d4cbf30765322c5e793d0fe8bd80784"
url = "https://github.com/mozilla/sccache/releases/download/v0.16.0/sccache-v0.16.0-aarch64-unknown-linux-musl.tar.gz"
url_api = "https://api.github.com/repos/mozilla/sccache/releases/assets/452060468"

[tools.sccache."platforms.linux-x64"]
checksum = "sha256:aec995a83ad3dff3d14b6314e08858b7b73d35ca85a5bcf3d3a9ec07dee35588"
url = "https://github.com/mozilla/sccache/releases/download/v0.16.0/sccache-v0.16.0-x86_64-unknown-linux-musl.tar.gz"
url_api = "https://api.github.com/repos/mozilla/sccache/releases/assets/452060682"

[tools.sccache."platforms.linux-x64-baseline"]
checksum = "sha256:aec995a83ad3dff3d14b6314e08858b7b73d35ca85a5bcf3d3a9ec07dee35588"
url = "https://github.com/mozilla/sccache/releases/download/v0.16.0/sccache-v0.16.0-x86_64-unknown-linux-musl.tar.gz"
url_api = "https://api.github.com/repos/mozilla/sccache/releases/assets/452060682"

[tools.sccache."platforms.linux-x64-musl"]
checksum = "sha256:aec995a83ad3dff3d14b6314e08858b7b73d35ca85a5bcf3d3a9ec07dee35588"
url = "https://github.com/mozilla/sccache/releases/download/v0.16.0/sccache-v0.16.0-x86_64-unknown-linux-musl.tar.gz"
url_api = "https://api.github.com/repos/mozilla/sccache/releases/assets/452060682"

[tools.sccache."platforms.linux-x64-musl-baseline"]
checksum = "sha256:aec995a83ad3dff3d14b6314e08858b7b73d35ca85a5bcf3d3a9ec07dee35588"
url = "https://github.com/mozilla/sccache/releases/download/v0.16.0/sccache-v0.16.0-x86_64-unknown-linux-musl.tar.gz"
url_api = "https://api.github.com/repos/mozilla/sccache/releases/assets/452060682"

[tools.sccache."platforms.macos-arm64"]
checksum = "sha256:ded590cae2c72042c61178632906bef62d635fa20d45f8b22110a2241f430960"
url = "https://github.com/mozilla/sccache/releases/download/v0.16.0/sccache-v0.16.0-aarch64-apple-darwin.tar.gz"
url_api = "https://api.github.com/repos/mozilla/sccache/releases/assets/452060416"

[tools.sccache."platforms.macos-x64"]
checksum = "sha256:f7dbd055db75a938ab1539f5316c5d08e73a1b94c40ab170ddcc617f5bf18343"
url = "https://github.com/mozilla/sccache/releases/download/v0.16.0/sccache-v0.16.0-x86_64-apple-darwin.tar.gz"
url_api = "https://api.github.com/repos/mozilla/sccache/releases/assets/452060604"

[tools.sccache."platforms.macos-x64-baseline"]
checksum = "sha256:f7dbd055db75a938ab1539f5316c5d08e73a1b94c40ab170ddcc617f5bf18343"
url = "https://github.com/mozilla/sccache/releases/download/v0.16.0/sccache-v0.16.0-x86_64-apple-darwin.tar.gz"
url_api = "https://api.github.com/repos/mozilla/sccache/releases/assets/452060604"

[tools.sccache."platforms.windows-x64"]
checksum = "sha256:c82319cc392b693e9fc72e6567cce47e218308f00fbf1df942e39b62e30f98da"
url = "https://github.com/mozilla/sccache/releases/download/v0.16.0/sccache-v0.16.0-x86_64-pc-windows-msvc.tar.gz"
url_api = "https://api.github.com/repos/mozilla/sccache/releases/assets/452060663"

[tools.sccache."platforms.windows-x64-baseline"]
checksum = "sha256:c82319cc392b693e9fc72e6567cce47e218308f00fbf1df942e39b62e30f98da"
url = "https://github.com/mozilla/sccache/releases/download/v0.16.0/sccache-v0.16.0-x86_64-pc-windows-msvc.tar.gz"
url_api = "https://api.github.com/repos/mozilla/sccache/releases/assets/452060663"

[[tools.zig]]
version = "0.16.0"
backend = "core:zig"

[tools.zig."platforms.linux-arm64"]
checksum = "sha256:ea4b09bfb22ec6f6c6ceac57ab63efb6b46e17ab08d21f69f3a48b38e1534f17"
url = "https://ziglang.org/download/0.16.0/zig-aarch64-linux-0.16.0.tar.xz"

[tools.zig."platforms.linux-arm64-musl"]
checksum = "sha256:ea4b09bfb22ec6f6c6ceac57ab63efb6b46e17ab08d21f69f3a48b38e1534f17"
url = "https://ziglang.org/download/0.16.0/zig-aarch64-linux-0.16.0.tar.xz"

[tools.zig."platforms.linux-x64"]
checksum = "sha256:70e49664a74374b48b51e6f3fdfbf437f6395d42509050588bd49abe52ba3d00"
url = "https://ziglang.org/download/0.16.0/zig-x86_64-linux-0.16.0.tar.xz"

[tools.zig."platforms.linux-x64-baseline"]
checksum = "sha256:70e49664a74374b48b51e6f3fdfbf437f6395d42509050588bd49abe52ba3d00"
url = "https://ziglang.org/download/0.16.0/zig-x86_64-linux-0.16.0.tar.xz"

[tools.zig."platforms.linux-x64-musl"]
checksum = "sha256:70e49664a74374b48b51e6f3fdfbf437f6395d42509050588bd49abe52ba3d00"
url = "https://ziglang.org/download/0.16.0/zig-x86_64-linux-0.16.0.tar.xz"

[tools.zig."platforms.linux-x64-musl-baseline"]
checksum = "sha256:70e49664a74374b48b51e6f3fdfbf437f6395d42509050588bd49abe52ba3d00"
url = "https://ziglang.org/download/0.16.0/zig-x86_64-linux-0.16.0.tar.xz"

[tools.zig."platforms.macos-arm64"]
checksum = "sha256:b23d70deaa879b5c2d486ed3316f7eaa53e84acf6fc9cc747de152450d401489"
url = "https://ziglang.org/download/0.16.0/zig-aarch64-macos-0.16.0.tar.xz"

[tools.zig."platforms.macos-x64"]
checksum = "sha256:0387557ed1877bc6a2e1802c8391953baddba76081876301c522f52977b52ba7"
url = "https://ziglang.org/download/0.16.0/zig-x86_64-macos-0.16.0.tar.xz"

[tools.zig."platforms.macos-x64-baseline"]
checksum = "sha256:0387557ed1877bc6a2e1802c8391953baddba76081876301c522f52977b52ba7"
url = "https://ziglang.org/download/0.16.0/zig-x86_64-macos-0.16.0.tar.xz"

[tools.zig."platforms.windows-x64"]
checksum = "sha256:68659eb5f1e4eb1437a722f1dd889c5a322c9954607f5edcf337bc3684a75a7e"
url = "https://ziglang.org/download/0.16.0/zig-x86_64-windows-0.16.0.zip"

[tools.zig."platforms.windows-x64-baseline"]
checksum = "sha256:68659eb5f1e4eb1437a722f1dd889c5a322c9954607f5edcf337bc3684a75a7e"
url = "https://ziglang.org/download/0.16.0/zig-x86_64-windows-0.16.0.zip"
